
Microsoft Visual Studio Solution File, Format Version 12.00
# Visual Studio Version 17
VisualStudioVersion = 17.4.33213.308
MinimumVisualStudioVersion = 10.0.40219.1
Project("{9A19103F-16F7-4668-BE54-9A1E7A4F7556}") = "Yj.ArcSoftSDK.4_0", "Yj.ArcSoftSDK.4_0.csproj", "{C6344C1D-9F2A-45ED-80C3-8696307DC51D}"
EndProject
Project("{9A19103F-16F7-4668-BE54-9A1E7A4F7556}") = "ArcSoftFace.Test", "..\ArcSoftFace.Test\ArcSoftFace.Test.csproj", "{8A651228-7104-48D9-8F1B-AC56599F2078}"
EndProject
Global
	GlobalSection(SolutionConfigurationPlatforms) = preSolution
		Debug|Any CPU = Debug|Any CPU
		Release|Any CPU = Release|Any CPU
	EndGlobalSection
	GlobalSection(ProjectConfigurationPlatforms) = postSolution
		{C6344C1D-9F2A-45ED-80C3-8696307DC51D}.Debug|Any CPU.ActiveCfg = Debug|Any CPU
		{C6344C1D-9F2A-45ED-80C3-8696307DC51D}.Debug|Any CPU.Build.0 = Debug|Any CPU
		{C6344C1D-9F2A-45ED-80C3-8696307DC51D}.Release|Any CPU.ActiveCfg = Release|Any CPU
		{C6344C1D-9F2A-45ED-80C3-8696307DC51D}.Release|Any CPU.Build.0 = Release|Any CPU
		{8A651228-7104-48D9-8F1B-AC56599F2078}.Debug|Any CPU.ActiveCfg = Debug|Any CPU
		{8A651228-7104-48D9-8F1B-AC56599F2078}.Debug|Any CPU.Build.0 = Debug|Any CPU
		{8A651228-7104-48D9-8F1B-AC56599F2078}.Release|Any CPU.ActiveCfg = Release|Any CPU
		{8A651228-7104-48D9-8F1B-AC56599F2078}.Release|Any CPU.Build.0 = Release|Any CPU
	EndGlobalSection
	GlobalSection(SolutionProperties) = preSolution
		HideSolutionNode = FALSE
	EndGlobalSection
	GlobalSection(ExtensibilityGlobals) = postSolution
		SolutionGuid = {F84FD2A8-5144-4767-BAE0-466DF41C21BC}
	EndGlobalSection
EndGlobal
